
Microsoft Visual Studio Solution File, Format Version 12.00
# Visual Studio Version 16
VisualStudioVersion = 16.0.31624.102
MinimumVisualStudioVersion = 10.0.40219.1
Project("{FAE04EC0-301F-11D3-BF4B-00C04F79EFBC}") = "helloWorld", "helloWorld\helloWorld.csproj", "{2C0CE61A-A378-4AFF-9FBD-3E87FEA673FD}"
EndProject
Global
	GlobalSection(SolutionConfigurationPlatforms) = preSolution
		Debug|Any CPU = Debug|Any CPU
		Release|Any CPU = Release|Any CPU
	EndGlobalSection
	GlobalSection(ProjectConfigurationPlatforms) = postSolution
		{2C0CE61A-A378-4AFF-9FBD-3E87FEA673FD}.Debug|Any CPU.ActiveCfg = Debug|Any CPU
		{2C0CE61A-A378-4AFF-9FBD-3E87FEA673FD}.Debug|Any CPU.Build.0 = Debug|Any CPU
		{2C0CE61A-A378-4AFF-9FBD-3E87FEA673FD}.Release|Any CPU.ActiveCfg = Release|Any CPU
		{2C0CE61A-A378-4AFF-9FBD-3E87FEA673FD}.Release|Any CPU.Build.0 = Release|Any CPU
	EndGlobalSection
	GlobalSection(SolutionProperties) = preSolution
		HideSolutionNode = FALSE
	EndGlobalSection
	GlobalSection(ExtensibilityGlobals) = postSolution
		SolutionGuid = {17F7C65A-78C1-4780-8F3E-BBA2BA793B92}
	EndGlobalSection
EndGlobal
